// !$*UTF8*$!
{
	archiveVersion = 1;
	classes = {
	};
	objectVersion = 50;
	objects = {

/* Begin PBXBuildFile section */
		7D0659DF256E44CC009C181A /* NetworkController.swift in Sources */ = {isa = PBXBuildFile; fileRef = 7D0659DE256E44CC009C181A /* NetworkController.swift */; };
		7D1B4B4525663AD2008C5498 /* AppDelegate.swift in Sources */ = {isa = PBXBuildFile; fileRef = 7D1B4B4425663AD2008C5498 /* AppDelegate.swift */; };
		7D1B4B4725663AD2008C5498 /* SceneDelegate.swift in Sources */ = {isa = PBXBuildFile; fileRef = 7D1B4B4625663AD2008C5498 /* SceneDelegate.swift */; };
		7D1B4B4925663AD2008C5498 /* ViewController.swift in Sources */ = {isa = PBXBuildFile; fileRef = 7D1B4B4825663AD2008C5498 /* ViewController.swift */; };
		7D1B4B4C25663AD2008C5498 /* Main.storyboard in Resources */ = {isa = PBXBuildFile; fileRef = 7D1B4B4A25663AD2008C5498 /* Main.storyboard */; };
		7D1B4B4F25663AD2008C5498 /* APICloud.xcdatamodeld in Sources */ = {isa = PBXBuildFile; fileRef = 7D1B4B4D25663AD2008C5498 /* APICloud.xcdatamodeld */; };
		7D1B4B5125663AD5008C5498 /* Assets.xcassets in Resources */ = {isa = PBXBuildFile; fileRef = 7D1B4B5025663AD5008C5498 /* Assets.xcassets */; };
		7D1B4B5425663AD5008C5498 /* LaunchScreen.storyboard in Resources */ = {isa = PBXBuildFile; fileRef = 7D1B4B5225663AD5008C5498 /* LaunchScreen.storyboard */; };
		7D1B4B5F25663AD5008C5498 /* APICloudTests.swift in Sources */ = {isa = PBXBuildFile; fileRef = 7D1B4B5E25663AD5008C5498 /* APICloudTests.swift */; };
		7D1B4B6A25663AD6008C5498 /* APICloudUITests.swift in Sources */ = {isa = PBXBuildFile; fileRef = 7D1B4B6925663AD6008C5498 /* APICloudUITests.swift */; };
		7D1B4B7E25664CD3008C5498 /* PhotoCollectionViewController.swift in Sources */ = {isa = PBXBuildFile; fileRef = 7D1B4B7D25664CD3008C5498 /* PhotoCollectionViewController.swift */; };
		7D1B4B86256657F9008C5498 /* NetworkUtility.swift in Sources */ = {isa = PBXBuildFile; fileRef = 7D1B4B85256657F9008C5498 /* NetworkUtility.swift */; };
		7D1B4B8B256658B7008C5498 /* JsonData.swift in Sources */ = {isa = PBXBuildFile; fileRef = 7D1B4B8A256658B7008C5498 /* JsonData.swift */; };
		7D1C075225666E7E0069FF47 /* PhotoCollectionViewCell.swift in Sources */ = {isa = PBXBuildFile; fileRef = 7D1C075125666E7E0069FF47 /* PhotoCollectionViewCell.swift */; };
/* End PBXBuildFile section */

/* Begin PBXContainerItemProxy section */
		7D1B4B5B25663AD5008C5498 /* PBXContainerItemProxy */ = {
			isa = PBXContainerItemProxy;
			containerPortal = 7D1B4B3925663AD2008C5498 /* Project object */;
			proxyType = 1;
			remoteGlobalIDString = 7D1B4B4025663AD2008C5498;
			remoteInfo = APICloud;
		};
		7D1B4B6625663AD6008C5498 /* PBXContainerItemProxy */ = {
			isa = PBXContainerItemProxy;
			containerPortal = 7D1B4B3925663AD2008C5498 /* Project object */;
			proxyType = 1;
			remoteGlobalIDString = 7D1B4B4025663AD2008C5498;
			remoteInfo = APICloud;
		};
/* End PBXContainerItemProxy section */

/* Begin PBXFileReference section */
		7D0659DE256E44CC009C181A /* NetworkController.swift */ = {isa = PBXFileReference; lastKnownFileType = sourcecode.swift; path = NetworkController.swift; sourceTree = "<group>"; };
		7D1B4B4125663AD2008C5498 /* APICloud.app */ = {isa = PBXFileReference; explicitFileType = wrapper.application; includeInIndex = 0; path = APICloud.app; sourceTree = BUILT_PRODUCTS_DIR; };
		7D1B4B4425663AD2008C5498 /* AppDelegate.swift */ = {isa = PBXFileReference; lastKnownFileType = sourcecode.swift; path = AppDelegate.swift; sourceTree = "<group>"; };
		7D1B4B4625663AD2008C5498 /* SceneDelegate.swift */ = {isa = PBXFileReference; lastKnownFileType = sourcecode.swift; path = SceneDelegate.swift; sourceTree = "<group>"; };
		7D1B4B4825663AD2008C5498 /* ViewController.swift */ = {isa = PBXFileReference; lastKnownFileType = sourcecode.swift; path = ViewController.swift; sourceTree = "<group>"; };
		7D1B4B4B25663AD2008C5498 /* Base */ = {isa = PBXFileReference; lastKnownFileType = file.storyboard; name = Base; path = Base.lproj/Main.storyboard; sourceTree = "<group>"; };
		7D1B4B4E25663AD2008C5498 /* APICloud.xcdatamodel */ = {isa = PBXFileReference; lastKnownFileType = wrapper.xcdatamodel; path = APICloud.xcdatamodel; sourceTree = "<group>"; };
		7D1B4B5025663AD5008C5498 /* Assets.xcassets */ = {isa = PBXFileReference; lastKnownFileType = folder.assetcatalog; path = Assets.xcassets; sourceTree = "<group>"; };
		7D1B4B5325663AD5008C5498 /* Base */ = {isa = PBXFileReference; lastKnownFileType = file.storyboard; name = Base; path = Base.lproj/LaunchScreen.storyboard; sourceTree = "<group>"; };
		7D1B4B5525663AD5008C5498 /* Info.plist */ = {isa = PBXFileReference; lastKnownFileType = text.plist.xml; path = Info.plist; sourceTree = "<group>"; };
		7D1B4B5A25663AD5008C5498 /* APICloudTests.xctest */ = {isa = PBXFileReference; explicitFileType = wrapper.cfbundle; includeInIndex = 0; path = APICloudTests.xctest; sourceTree = BUILT_PRODUCTS_DIR; };
		7D1B4B5E25663AD5008C5498 /* APICloudTests.swift */ = {isa = PBXFileReference; lastKnownFileType = sourcecode.swift; path = APICloudTests.swift; sourceTree = "<group>"; };
		7D1B4B6025663AD5008C5498 /* Info.plist */ = {isa = PBXFileReference; lastKnownFileType = text.plist.xml; path = Info.plist; sourceTree = "<group>"; };
		7D1B4B6525663AD6008C5498 /* APICloudUITests.xctest */ = {isa = PBXFileReference; explicitFileType = wrapper.cfbundle; includeInIndex = 0; path = APICloudUITests.xctest; sourceTree = BUILT_PRODUCTS_DIR; };
		7D1B4B6925663AD6008C5498 /* APICloudUITests.swift */ = {isa = PBXFileReference; lastKnownFileType = sourcecode.swift; path = APICloudUITests.swift; sourceTree = "<group>"; };
		7D1B4B6B25663AD6008C5498 /* Info.plist */ = {isa = PBXFileReference; lastKnownFileType = text.plist.xml; path = Info.plist; sourceTree = "<group>"; };
		7D1B4B7D25664CD3008C5498 /* PhotoCollectionViewController.swift */ = {isa = PBXFileReference; lastKnownFileType = sourcecode.swift; path = PhotoCollectionViewController.swift; sourceTree = "<group>"; };
		7D1B4B85256657F9008C5498 /* NetworkUtility.swift */ = {isa = PBXFileReference; lastKnownFileType = sourcecode.swift; path = NetworkUtility.swift; sourceTree = "<group>"; };
		7D1B4B8A256658B7008C5498 /* JsonData.swift */ = {isa = PBXFileReference; lastKnownFileType = sourcecode.swift; path = JsonData.swift; sourceTree = "<group>"; };
		7D1C075125666E7E0069FF47 /* PhotoCollectionViewCell.swift */ = {isa = PBXFileReference; lastKnownFileType = sourcecode.swift; path = PhotoCollectionViewCell.swift; sourceTree = "<group>"; };
/* End PBXFileReference section */

/* Begin PBXFrameworksBuildPhase section */
		7D1B4B3E25663AD2008C5498 /* Frameworks */ = {
			isa = PBXFrameworksBuildPhase;
			buildActionMask = 2147483647;
			files = (
			);
			runOnlyForDeploymentPostprocessing = 0;
		};
		7D1B4B5725663AD5008C5498 /* Frameworks */ = {
			isa = PBXFrameworksBuildPhase;
			buildActionMask = 2147483647;
			files = (
			);
			runOnlyForDeploymentPostprocessing = 0;
		};
		7D1B4B6225663AD6008C5498 /* Frameworks */ = {
			isa = PBXFrameworksBuildPhase;
			buildActionMask = 2147483647;
			files = (
			);
			runOnlyForDeploymentPostprocessing = 0;
		};
/* End PBXFrameworksBuildPhase section */

/* Begin PBXGroup section */
		7D1B4B3825663AD2008C5498 = {
			isa = PBXGroup;
			children = (
				7D1B4B4325663AD2008C5498 /* APICloud */,
				7D1B4B5D25663AD5008C5498 /* APICloudTests */,
				7D1B4B6825663AD6008C5498 /* APICloudUITests */,
				7D1B4B4225663AD2008C5498 /* Products */,
			);
			sourceTree = "<group>";
		};
		7D1B4B4225663AD2008C5498 /* Products */ = {
			isa = PBXGroup;
			children = (
				7D1B4B4125663AD2008C5498 /* APICloud.app */,
				7D1B4B5A25663AD5008C5498 /* APICloudTests.xctest */,
				7D1B4B6525663AD6008C5498 /* APICloudUITests.xctest */,
			);
			name = Products;
			sourceTree = "<group>";
		};
		7D1B4B4325663AD2008C5498 /* APICloud */ = {
			isa = PBXGroup;
			children = (
				7D1B4B4425663AD2008C5498 /* AppDelegate.swift */,
				7D1B4B4625663AD2008C5498 /* SceneDelegate.swift */,
				7D1B4B4825663AD2008C5498 /* ViewController.swift */,
				7D1B4B7D25664CD3008C5498 /* PhotoCollectionViewController.swift */,
				7D1B4B4A25663AD2008C5498 /* Main.storyboard */,
				7D1B4B5025663AD5008C5498 /* Assets.xcassets */,
				7D1B4B5225663AD5008C5498 /* LaunchScreen.storyboard */,
				7D1B4B5525663AD5008C5498 /* Info.plist */,
				7D1B4B4D25663AD2008C5498 /* APICloud.xcdatamodeld */,
				7D1B4B85256657F9008C5498 /* NetworkUtility.swift */,
				7D1B4B8A256658B7008C5498 /* JsonData.swift */,
				7D1C075125666E7E0069FF47 /* PhotoCollectionViewCell.swift */,
				7D0659DE256E44CC009C181A /* NetworkController.swift */,
			);
			path = APICloud;
			sourceTree = "<group>";
		};
		7D1B4B5D25663AD5008C5498 /* APICloudTests */ = {
			isa = PBXGroup;
			children = (
				7D1B4B5E25663AD5008C5498 /* APICloudTests.swift */,
				7D1B4B6025663AD5008C5498 /* Info.plist */,
			);
			path = APICloudTests;
			sourceTree = "<group>";
		};
		7D1B4B6825663AD6008C5498 /* APICloudUITests */ = {
			isa = PBXGroup;
			children = (
				7D1B4B6925663AD6008C5498 /* APICloudUITests.swift */,
				7D1B4B6B25663AD6008C5498 /* Info.plist */,
			);
			path = APICloudUITests;
			sourceTree = "<group>";
		};
/* End PBXGroup section */

/* Begin PBXNativeTarget section */
		7D1B4B4025663AD2008C5498 /* APICloud */ = {
			isa = PBXNativeTarget;
			buildConfigurationList = 7D1B4B6E25663AD6008C5498 /* Build configuration list for PBXNativeTarget "APICloud" */;
			buildPhases = (
				7D1B4B3D25663AD2008C5498 /* Sources */,
				7D1B4B3E25663AD2008C5498 /* Frameworks */,
				7D1B4B3F25663AD2008C5498 /* Resources */,
			);
			buildRules = (
			);
			dependencies = (
			);
			name = APICloud;
			productName = APICloud;
			productReference = 7D1B4B4125663AD2008C5498 /* APICloud.app */;
			productType = "com.apple.product-type.application";
		};
		7D1B4B5925663AD5008C5498 /* APICloudTests */ = {
			isa = PBXNativeTarget;
			buildConfigurationList = 7D1B4B7125663AD6008C5498 /* Build configuration list for PBXNativeTarget "APICloudTests" */;
			buildPhases = (
				7D1B4B5625663AD5008C5498 /* Sources */,
				7D1B4B5725663AD5008C5498 /* Frameworks */,
				7D1B4B5825663AD5008C5498 /* Resources */,
			);
			buildRules = (
			);
			dependencies = (
				7D1B4B5C25663AD5008C5498 /* PBXTargetDependency */,
			);
			name = APICloudTests;
			productName = APICloudTests;
			productReference = 7D1B4B5A25663AD5008C5498 /* APICloudTests.xctest */;
			productType = "com.apple.product-type.bundle.unit-test";
		};
		7D1B4B6425663AD6008C5498 /* APICloudUITests */ = {
			isa = PBXNativeTarget;
			buildConfigurationList = 7D1B4B7425663AD6008C5498 /* Build configuration list for PBXNativeTarget "APICloudUITests" */;
			buildPhases = (
				7D1B4B6125663AD6008C5498 /* Sources */,
				7D1B4B6225663AD6008C5498 /* Frameworks */,
				7D1B4B6325663AD6008C5498 /* Resources */,
			);
			buildRules = (
			);
			dependencies = (
				7D1B4B6725663AD6008C5498 /* PBXTargetDependency */,
			);
			name = APICloudUITests;
			productName = APICloudUITests;
			productReference = 7D1B4B6525663AD6008C5498 /* APICloudUITests.xctest */;
			productType = "com.apple.product-type.bundle.ui-testing";
		};
/* End PBXNativeTarget section */

/* Begin PBXProject section */
		7D1B4B3925663AD2008C5498 /* Project object */ = {
			isa = PBXProject;
			attributes = {
				LastSwiftUpdateCheck = 1210;
				LastUpgradeCheck = 1210;
				TargetAttributes = {
					7D1B4B4025663AD2008C5498 = {
						CreatedOnToolsVersion = 12.1;
					};
					7D1B4B5925663AD5008C5498 = {
						CreatedOnToolsVersion = 12.1;
						TestTargetID = 7D1B4B4025663AD2008C5498;
					};
					7D1B4B6425663AD6008C5498 = {
						CreatedOnToolsVersion = 12.1;
						TestTargetID = 7D1B4B4025663AD2008C5498;
					};
				};
			};
			buildConfigurationList = 7D1B4B3C25663AD2008C5498 /* Build configuration list for PBXProject "APICloud" */;
			compatibilityVersion = "Xcode 9.3";
			developmentRegion = en;
			hasScannedForEncodings = 0;
			knownRegions = (
				en,
				Base,
			);
			mainGroup = 7D1B4B3825663AD2008C5498;
			productRefGroup = 7D1B4B4225663AD2008C5498 /* Products */;
			projectDirPath = "";
			projectRoot = "";
			targets = (
				7D1B4B4025663AD2008C5498 /* APICloud */,
				7D1B4B5925663AD5008C5498 /* APICloudTests */,
				7D1B4B6425663AD6008C5498 /* APICloudUITests */,
			);
		};
/* End PBXProject section */

/* Begin PBXResourcesBuildPhase section */
		7D1B4B3F25663AD2008C5498 /* Resources */ = {
			isa = PBXResourcesBuildPhase;
			buildActionMask = 2147483647;
			files = (
				7D1B4B5425663AD5008C5498 /* LaunchScreen.storyboard in Resources */,
				7D1B4B5125663AD5008C5498 /* Assets.xcassets in Resources */,
				7D1B4B4C25663AD2008C5498 /* Main.storyboard in Resources */,
			);
			runOnlyForDeploymentPostprocessing = 0;
		};
		7D1B4B5825663AD5008C5498 /* Resources */ = {
			isa = PBXResourcesBuildPhase;
			buildActionMask = 2147483647;
			files = (
			);
			runOnlyForDeploymentPostprocessing = 0;
		};
		7D1B4B6325663AD6008C5498 /* Resources */ = {
			isa = PBXResourcesBuildPhase;
			buildActionMask = 2147483647;
			files = (
			);
			runOnlyForDeploymentPostprocessing = 0;
		};
/* End PBXResourcesBuildPhase section */

/* Begin PBXSourcesBuildPhase section */
		7D1B4B3D25663AD2008C5498 /* Sources */ = {
			isa = PBXSourcesBuildPhase;
			buildActionMask = 2147483647;
			files = (
				7D1B4B4925663AD2008C5498 /* ViewController.swift in Sources */,
				7D1C075225666E7E0069FF47 /* PhotoCollectionViewCell.swift in Sources */,
				7D1B4B8B256658B7008C5498 /* JsonData.swift in Sources */,
				7D1B4B86256657F9008C5498 /* NetworkUtility.swift in Sources */,
				7D1B4B4525663AD2008C5498 /* AppDelegate.swift in Sources */,
				7D1B4B4F25663AD2008C5498 /* APICloud.xcdatamodeld in Sources */,
				7D1B4B4725663AD2008C5498 /* SceneDelegate.swift in Sources */,
				7D1B4B7E25664CD3008C5498 /* PhotoCollectionViewController.swift in Sources */,
				7D0659DF256E44CC009C181A /* NetworkController.swift in Sources */,
			);
			runOnlyForDeploymentPostprocessing = 0;
		};
		7D1B4B5625663AD5008C5498 /* Sources */ = {
			isa = PBXSourcesBuildPhase;
			buildActionMask = 2147483647;
			files = (
				7D1B4B5F25663AD5008C5498 /* APICloudTests.swift in Sources */,
			);
			runOnlyForDeploymentPostprocessing = 0;
		};
		7D1B4B6125663AD6008C5498 /* Sources */ = {
			isa = PBXSourcesBuildPhase;
			buildActionMask = 2147483647;
			files = (
				7D1B4B6A25663AD6008C5498 /* APICloudUITests.swift in Sources */,
			);
			runOnlyForDeploymentPostprocessing = 0;
		};
/* End PBXSourcesBuildPhase section */

/* Begin PBXTargetDependency section */
		7D1B4B5C25663AD5008C5498 /* PBXTargetDependency */ = {
			isa = PBXTargetDependency;
			target = 7D1B4B4025663AD2008C5498 /* APICloud */;
			targetProxy = 7D1B4B5B25663AD5008C5498 /* PBXContainerItemProxy */;
		};
		7D1B4B6725663AD6008C5498 /* PBXTargetDependency */ = {
			isa = PBXTargetDependency;
			target = 7D1B4B4025663AD2008C5498 /* APICloud */;
			targetProxy = 7D1B4B6625663AD6008C5498 /* PBXContainerItemProxy */;
		};
/* End PBXTargetDependency section */

/* Begin PBXVariantGroup section */
		7D1B4B4A25663AD2008C5498 /* Main.storyboard */ = {
			isa = PBXVariantGroup;
			children = (
				7D1B4B4B25663AD2008C5498 /* Base */,
			);
			name = Main.storyboard;
			sourceTree = "<group>";
		};
		7D1B4B5225663AD5008C5498 /* LaunchScreen.storyboard */ = {
			isa = PBXVariantGroup;
			children = (
				7D1B4B5325663AD5008C5498 /* Base */,
			);
			name = LaunchScreen.storyboard;
			sourceTree = "<group>";
		};
/* End PBXVariantGroup section */

/* Begin XCBuildConfiguration section */
		7D1B4B6C25663AD6008C5498 /* Debug */ = {
			isa = XCBuildConfiguration;
			buildSettings = {
				ALWAYS_SEARCH_USER_PATHS = NO;
				CLANG_ANALYZER_NONNULL = YES;
				CLANG_ANALYZER_NUMBER_OBJECT_CONVERSION = YES_AGGRESSIVE;
				CLANG_CXX_LANGUAGE_STANDARD = "gnu++14";
				CLANG_CXX_LIBRARY = "libc++";
				CLANG_ENABLE_MODULES = YES;
				CLANG_ENABLE_OBJC_ARC = YES;
				CLANG_ENABLE_OBJC_WEAK = YES;
				CLANG_WARN_BLOCK_CAPTURE_AUTORELEASING = YES;
				CLANG_WARN_BOOL_CONVERSION = YES;
				CLANG_WARN_COMMA = YES;
				CLANG_WARN_CONSTANT_CONVERSION = YES;
				CLANG_WARN_DEPRECATED_OBJC_IMPLEMENTATIONS = YES;
				CLANG_WARN_DIRECT_OBJC_ISA_USAGE = YES_ERROR;
				CLANG_WARN_DOCUMENTATION_COMMENTS = YES;
				CLANG_WARN_EMPTY_BODY = YES;
				CLANG_WARN_ENUM_CONVERSION = YES;
				CLANG_WARN_INFINITE_RECURSION = YES;
				CLANG_WARN_INT_CONVERSION = YES;
				CLANG_WARN_NON_LITERAL_NULL_CONVERSION = YES;
				CLANG_WARN_OBJC_IMPLICIT_RETAIN_SELF = YES;
				CLANG_WARN_OBJC_LITERAL_CONVERSION = YES;
				CLANG_WARN_OBJC_ROOT_CLASS = YES_ERROR;
				CLANG_WARN_QUOTED_INCLUDE_IN_FRAMEWORK_HEADER = YES;
				CLANG_WARN_RANGE_LOOP_ANALYSIS = YES;
				CLANG_WARN_STRICT_PROTOTYPES = YES;
				CLANG_WARN_SUSPICIOUS_MOVE = YES;
				CLANG_WARN_UNGUARDED_AVAILABILITY = YES_AGGRESSIVE;
				CLANG_WARN_UNREACHABLE_CODE = YES;
				CLANG_WARN__DUPLICATE_METHOD_MATCH = YES;
				COPY_PHASE_STRIP = NO;
				DEBUG_INFORMATION_FORMAT = dwarf;
				ENABLE_STRICT_OBJC_MSGSEND = YES;
				ENABLE_TESTABILITY = YES;
				GCC_C_LANGUAGE_STANDARD = gnu11;
				GCC_DYNAMIC_NO_PIC = NO;
				GCC_NO_COMMON_BLOCKS = YES;
				GCC_OPTIMIZATION_LEVEL = 0;
				GCC_PREPROCESSOR_DEFINITIONS = (
					"DEBUG=1",
					"$(inherited)",
				);
				GCC_WARN_64_TO_32_BIT_CONVERSION = YES;
				GCC_WARN_ABOUT_RETURN_TYPE = YES_ERROR;
				GCC_WARN_UNDECLARED_SELECTOR = YES;
				GCC_WARN_UNINITIALIZED_AUTOS = YES_AGGRESSIVE;
				GCC_WARN_UNUSED_FUNCTION = YES;
				GCC_WARN_UNUSED_VARIABLE = YES;
				IPHONEOS_DEPLOYMENT_TARGET = 14.1;
				MTL_ENABLE_DEBUG_INFO = INCLUDE_SOURCE;
				MTL_FAST_MATH = YES;
				ONLY_ACTIVE_ARCH = YES;
				SDKROOT = iphoneos;
				SWIFT_ACTIVE_COMPILATION_CONDITIONS = DEBUG;
				SWIFT_OPTIMIZATION_LEVEL = "-Onone";
			};
			name = Debug;
		};
		7D1B4B6D25663AD6008C5498 /* Release */ = {
			isa = XCBuildConfiguration;
			buildSettings = {
				ALWAYS_SEARCH_USER_PATHS = NO;
				CLANG_ANALYZER_NONNULL = YES;
				CLANG_ANALYZER_NUMBER_OBJECT_CONVERSION = YES_AGGRESSIVE;
				CLANG_CXX_LANGUAGE_STANDARD = "gnu++14";
				CLANG_CXX_LIBRARY = "libc++";
				CLANG_ENABLE_MODULES = YES;
				CLANG_ENABLE_OBJC_ARC = YES;
				CLANG_ENABLE_OBJC_WEAK = YES;
				CLANG_WARN_BLOCK_CAPTURE_AUTORELEASING = YES;
				CLANG_WARN_BOOL_CONVERSION = YES;
				CLANG_WARN_COMMA = YES;
				CLANG_WARN_CONSTANT_CONVERSION = YES;
				CLANG_WARN_DEPRECATED_OBJC_IMPLEMENTATIONS = YES;
				CLANG_WARN_DIRECT_OBJC_ISA_USAGE = YES_ERROR;
				CLANG_WARN_DOCUMENTATION_COMMENTS = YES;
				CLANG_WARN_EMPTY_BODY = YES;
				CLANG_WARN_ENUM_CONVERSION = YES;
				CLANG_WARN_INFINITE_RECURSION = YES;
				CLANG_WARN_INT_CONVERSION = YES;
				CLANG_WARN_NON_LITERAL_NULL_CONVERSION = YES;
				CLANG_WARN_OBJC_IMPLICIT_RETAIN_SELF = YES;
				CLANG_WARN_OBJC_LITERAL_CONVERSION = YES;
				CLANG_WARN_OBJC_ROOT_CLASS = YES_ERROR;
				CLANG_WARN_QUOTED_INCLUDE_IN_FRAMEWORK_HEADER = YES;
				CLANG_WARN_RANGE_LOOP_ANALYSIS = YES;
				CLANG_WARN_STRICT_PROTOTYPES = YES;
				CLANG_WARN_SUSPICIOUS_MOVE = YES;
				CLANG_WARN_UNGUARDED_AVAILABILITY = YES_AGGRESSIVE;
				CLANG_WARN_UNREACHABLE_CODE = YES;
				CLANG_WARN__DUPLICATE_METHOD_MATCH = YES;
				COPY_PHASE_STRIP = NO;
				DEBUG_INFORMATION_FORMAT = "dwarf-with-dsym";
				ENABLE_NS_ASSERTIONS = NO;
				ENABLE_STRICT_OBJC_MSGSEND = YES;
				GCC_C_LANGUAGE_STANDARD = gnu11;
				GCC_NO_COMMON_BLOCKS = YES;
				GCC_WARN_64_TO_32_BIT_CONVERSION = YES;
				GCC_WARN_ABOUT_RETURN_TYPE = YES_ERROR;
				GCC_WARN_UNDECLARED_SELECTOR = YES;
				GCC_WARN_UNINITIALIZED_AUTOS = YES_AGGRESSIVE;
				GCC_WARN_UNUSED_FUNCTION = YES;
				GCC_WARN_UNUSED_VARIABLE = YES;
				IPHONEOS_DEPLOYMENT_TARGET = 14.1;
				MTL_ENABLE_DEBUG_INFO = NO;
				MTL_FAST_MATH = YES;
				SDKROOT = iphoneos;
				SWIFT_COMPILATION_MODE = wholemodule;
				SWIFT_OPTIMIZATION_LEVEL = "-O";
				VALIDATE_PRODUCT = YES;
			};
			name = Release;
		};
		7D1B4B6F25663AD6008C5498 /* Debug */ = {
			isa = XCBuildConfiguration;
			buildSettings = {
				ASSETCATALOG_COMPILER_APPICON_NAME = AppIcon;
				ASSETCATALOG_COMPILER_GLOBAL_ACCENT_COLOR_NAME = AccentColor;
				CODE_SIGN_STYLE = Automatic;
				DEVELOPMENT_TEAM = 3CCWF8D47P;
				INFOPLIST_FILE = APICloud/Info.plist;
				LD_RUNPATH_SEARCH_PATHS = (
					"$(inherited)",
					"@executable_path/Frameworks",
				);
				PRODUCT_BUNDLE_IDENTIFIER = com.Boy.APICloud;
				PRODUCT_NAME = "$(TARGET_NAME)";
				SWIFT_VERSION = 5.0;
				TARGETED_DEVICE_FAMILY = "1,2";
			};
			name = Debug;
		};
		7D1B4B7025663AD6008C5498 /* Release */ = {
			isa = XCBuildConfiguration;
			buildSettings = {
				ASSETCATALOG_COMPILER_APPICON_NAME = AppIcon;
				ASSETCATALOG_COMPILER_GLOBAL_ACCENT_COLOR_NAME = AccentColor;
				CODE_SIGN_STYLE = Automatic;
				DEVELOPMENT_TEAM = 3CCWF8D47P;
				INFOPLIST_FILE = APICloud/Info.plist;
				LD_RUNPATH_SEARCH_PATHS = (
					"$(inherited)",
					"@executable_path/Frameworks",
				);
				PRODUCT_BUNDLE_IDENTIFIER = com.Boy.APICloud;
				PRODUCT_NAME = "$(TARGET_NAME)";
				SWIFT_VERSION = 5.0;
				TARGETED_DEVICE_FAMILY = "1,2";
			};
			name = Release;
		};
		7D1B4B7225663AD6008C5498 /* Debug */ = {
			isa = XCBuildConfiguration;
			buildSettings = {
				ALWAYS_EMBED_SWIFT_STANDARD_LIBRARIES = YES;
				BUNDLE_LOADER = "$(TEST_HOST)";
				CODE_SIGN_STYLE = Automatic;
				DEVELOPMENT_TEAM = 3CCWF8D47P;
				INFOPLIST_FILE = APICloudTests/Info.plist;
				IPHONEOS_DEPLOYMENT_TARGET = 14.1;
				LD_RUNPATH_SEARCH_PATHS = (
					"$(inherited)",
					"@executable_path/Frameworks",
					"@loader_path/Frameworks",
				);
				PRODUCT_BUNDLE_IDENTIFIER = com.Boy.APICloudTests;
				PRODUCT_NAME = "$(TARGET_NAME)";
				SWIFT_VERSION = 5.0;
				TARGETED_DEVICE_FAMILY = "1,2";
				TEST_HOST = "$(BUILT_PRODUCTS_DIR)/APICloud.app/APICloud";
			};
			name = Debug;
		};
		7D1B4B7325663AD6008C5498 /* Release */ = {
			isa = XCBuildConfiguration;
			buildSettings = {
				ALWAYS_EMBED_SWIFT_STANDARD_LIBRARIES = YES;
				BUNDLE_LOADER = "$(TEST_HOST)";
				CODE_SIGN_STYLE = Automatic;
				DEVELOPMENT_TEAM = 3CCWF8D47P;
				INFOPLIST_FILE = APICloudTests/Info.plist;
				IPHONEOS_DEPLOYMENT_TARGET = 14.1;
				LD_RUNPATH_SEARCH_PATHS = (
					"$(inherited)",
					"@executable_path/Frameworks",
					"@loader_path/Frameworks",
				);
				PRODUCT_BUNDLE_IDENTIFIER = com.Boy.APICloudTests;
				PRODUCT_NAME = "$(TARGET_NAME)";
				SWIFT_VERSION = 5.0;
				TARGETED_DEVICE_FAMILY = "1,2";
				TEST_HOST = "$(BUILT_PRODUCTS_DIR)/APICloud.app/APICloud";
			};
			name = Release;
		};
		7D1B4B7525663AD6008C5498 /* Debug */ = {
			isa = XCBuildConfiguration;
			buildSettings = {
				ALWAYS_EMBED_SWIFT_STANDARD_LIBRARIES = YES;
				CODE_SIGN_STYLE = Automatic;
				DEVELOPMENT_TEAM = 3CCWF8D47P;
				INFOPLIST_FILE = APICloudUITests/Info.plist;
				LD_RUNPATH_SEARCH_PATHS = (
					"$(inherited)",
					"@executable_path/Frameworks",
					"@loader_path/Frameworks",
				);
				PRODUCT_BUNDLE_IDENTIFIER = com.Boy.APICloudUITests;
				PRODUCT_NAME = "$(TARGET_NAME)";
				SWIFT_VERSION = 5.0;
				TARGETED_DEVICE_FAMILY = "1,2";
				TEST_TARGET_NAME = APICloud;
			};
			name = Debug;
		};
		7D1B4B7625663AD6008C5498 /* Release */ = {
			isa = XCBuildConfiguration;
			buildSettings = {
				ALWAYS_EMBED_SWIFT_STANDARD_LIBRARIES = YES;
				CODE_SIGN_STYLE = Automatic;
				DEVELOPMENT_TEAM = 3CCWF8D47P;
				INFOPLIST_FILE = APICloudUITests/Info.plist;
				LD_RUNPATH_SEARCH_PATHS = (
					"$(inherited)",
					"@executable_path/Frameworks",
					"@loader_path/Frameworks",
				);
				PRODUCT_BUNDLE_IDENTIFIER = com.Boy.APICloudUITests;
				PRODUCT_NAME = "$(TARGET_NAME)";
				SWIFT_VERSION = 5.0;
				TARGETED_DEVICE_FAMILY = "1,2";
				TEST_TARGET_NAME = APICloud;
			};
			name = Release;
		};
/* End XCBuildConfiguration section */

/* Begin XCConfigurationList section */
		7D1B4B3C25663AD2008C5498 /* Build configuration list for PBXProject "APICloud" */ = {
			isa = XCConfigurationList;
			buildConfigurations = (
				7D1B4B6C25663AD6008C5498 /* Debug */,
				7D1B4B6D25663AD6008C5498 /* Release */,
			);
			defaultConfigurationIsVisible = 0;
			defaultConfigurationName = Release;
		};
		7D1B4B6E25663AD6008C5498 /* Build configuration list for PBXNativeTarget "APICloud" */ = {
			isa = XCConfigurationList;
			buildConfigurations = (
				7D1B4B6F25663AD6008C5498 /* Debug */,
				7D1B4B7025663AD6008C5498 /* Release */,
			);
			defaultConfigurationIsVisible = 0;
			defaultConfigurationName = Release;
		};
		7D1B4B7125663AD6008C5498 /* Build configuration list for PBXNativeTarget "APICloudTests" */ = {
			isa = XCConfigurationList;
			buildConfigurations = (
				7D1B4B7225663AD6008C5498 /* Debug */,
				7D1B4B7325663AD6008C5498 /* Release */,
			);
			defaultConfigurationIsVisible = 0;
			defaultConfigurationName = Release;
		};
		7D1B4B7425663AD6008C5498 /* Build configuration list for PBXNativeTarget "APICloudUITests" */ = {
			isa = XCConfigurationList;
			buildConfigurations = (
				7D1B4B7525663AD6008C5498 /* Debug */,
				7D1B4B7625663AD6008C5498 /* Release */,
			);
			defaultConfigurationIsVisible = 0;
			defaultConfigurationName = Release;
		};
/* End XCConfigurationList section */

/* Begin XCVersionGroup section */
		7D1B4B4D25663AD2008C5498 /* APICloud.xcdatamodeld */ = {
			isa = XCVersionGroup;
			children = (
				7D1B4B4E25663AD2008C5498 /* APICloud.xcdatamodel */,
			);
			currentVersion = 7D1B4B4E25663AD2008C5498 /* APICloud.xcdatamodel */;
			path = APICloud.xcdatamodeld;
			sourceTree = "<group>";
			versionGroupType = wrapper.xcdatamodel;
		};
/* End XCVersionGroup section */
	};
	rootObject = 7D1B4B3925663AD2008C5498 /* Project object */;
}
